
Microsoft Visual Studio Solution File, Format Version 12.00
# Visual Studio 14
VisualStudioVersion = 14.0.25123.0
MinimumVisualStudioVersion = 10.0.40219.1
Project("{FAE04EC0-301F-11D3-BF4B-00C04F79EFBC}") = "ThePreaching", "ThePreaching\ThePreaching.csproj", "{9B9D7D98-1D1F-49BB-AEC1-3EAD69B17EEC}"
EndProject
Project("{FAE04EC0-301F-11D3-BF4B-00C04F79EFBC}") = "Server", "Server\Server.csproj", "{06208DE5-84BB-407E-9FC5-D399BFAA39E4}"
EndProject
Project("{FAE04EC0-301F-11D3-BF4B-00C04F79EFBC}") = "Client", "Client\Client.csproj", "{51585BA8-37BA-4670-97B6-2FC07B7E3087}"
EndProject
Project("{2150E333-8FDC-42A3-9474-1A3956D46DE8}") = "Test", "Test", "{34D8548A-F1AE-4606-AA33-61E3BDBBE52B}"
EndProject
Project("{FAE04EC0-301F-11D3-BF4B-00C04F79EFBC}") = "ClientPlayer", "ClientPlayer\ClientPlayer.csproj", "{1C36C116-EFE6-428A-8B93-4E7348A0AFB6}"
EndProject
Project("{FAE04EC0-301F-11D3-BF4B-00C04F79EFBC}") = "PreachingServer", "PreachingServer\PreachingServer.csproj", "{9EA0A158-91FA-43C3-A673-6369974DD9A7}"
EndProject
Project("{2150E333-8FDC-42A3-9474-1A3956D46DE8}") = "MobilApps", "MobilApps", "{D5C6B068-77B9-4E3A-BE59-E638449378E1}"
EndProject
Project("{2150E333-8FDC-42A3-9474-1A3956D46DE8}") = "Android", "Android", "{F83B97CB-8025-400D-9345-1876F68116A8}"
EndProject
Project("{FAE04EC0-301F-11D3-BF4B-00C04F79EFBC}") = "ThePreachingApp", "ThePreachingApp\ThePreachingApp.csproj", "{86BB5C91-07EF-408F-8368-693B32302A2B}"
EndProject
Project("{FAE04EC0-301F-11D3-BF4B-00C04F79EFBC}") = "WebServiceClient", "WebServiceClient\WebServiceClient.csproj", "{11082FF3-70A2-4A19-A420-B91158654E56}"
EndProject
Project("{FAE04EC0-301F-11D3-BF4B-00C04F79EFBC}") = "Webservice.Core", "Webservice.Core\Webservice.Core.csproj", "{BF5CDE9C-7FAD-422C-9EF7-C2F667F9ECCD}"
EndProject
Project("{FAE04EC0-301F-11D3-BF4B-00C04F79EFBC}") = "Entities", "Entities\Entities.csproj", "{1C0125B8-A284-4272-8FD2-1898E9B82B23}"
EndProject
Project("{2150E333-8FDC-42A3-9474-1A3956D46DE8}") = "IOS", "IOS", "{48BE730A-2EDF-464C-86A0-B58A942E43BA}"
EndProject
Project("{FAE04EC0-301F-11D3-BF4B-00C04F79EFBC}") = "ThePreachingAppIOS", "ThePreachingAppIOS\ThePreachingAppIOS.csproj", "{2170D6B9-F9CF-4062-A34A-6ABDF312A48B}"
EndProject
Global
	GlobalSection(SolutionConfigurationPlatforms) = preSolution
		Ad-Hoc|Any CPU = Ad-Hoc|Any CPU
		Ad-Hoc|iPhone = Ad-Hoc|iPhone
		Ad-Hoc|iPhoneSimulator = Ad-Hoc|iPhoneSimulator
		AppStore|Any CPU = AppStore|Any CPU
		AppStore|iPhone = AppStore|iPhone
		AppStore|iPhoneSimulator = AppStore|iPhoneSimulator
		Debug|Any CPU = Debug|Any CPU
		Debug|iPhone = Debug|iPhone
		Debug|iPhoneSimulator = Debug|iPhoneSimulator
		Release|Any CPU = Release|Any CPU
		Release|iPhone = Release|iPhone
		Release|iPhoneSimulator = Release|iPhoneSimulator
	EndGlobalSection
	GlobalSection(ProjectConfigurationPlatforms) = postSolution
		{9B9D7D98-1D1F-49BB-AEC1-3EAD69B17EEC}.Ad-Hoc|Any CPU.ActiveCfg = Release|Any CPU
		{9B9D7D98-1D1F-49BB-AEC1-3EAD69B17EEC}.Ad-Hoc|Any CPU.Build.0 = Release|Any CPU
		{9B9D7D98-1D1F-49BB-AEC1-3EAD69B17EEC}.Ad-Hoc|iPhone.ActiveCfg = Release|Any CPU
		{9B9D7D98-1D1F-49BB-AEC1-3EAD69B17EEC}.Ad-Hoc|iPhone.Build.0 = Release|Any CPU
		{9B9D7D98-1D1F-49BB-AEC1-3EAD69B17EEC}.Ad-Hoc|iPhoneSimulator.ActiveCfg = Release|Any CPU
		{9B9D7D98-1D1F-49BB-AEC1-3EAD69B17EEC}.Ad-Hoc|iPhoneSimulator.Build.0 = Release|Any CPU
		{9B9D7D98-1D1F-49BB-AEC1-3EAD69B17EEC}.AppStore|Any CPU.ActiveCfg = Release|Any CPU
		{9B9D7D98-1D1F-49BB-AEC1-3EAD69B17EEC}.AppStore|Any CPU.Build.0 = Release|Any CPU
		{9B9D7D98-1D1F-49BB-AEC1-3EAD69B17EEC}.AppStore|iPhone.ActiveCfg = Release|Any CPU
		{9B9D7D98-1D1F-49BB-AEC1-3EAD69B17EEC}.AppStore|iPhone.Build.0 = Release|Any CPU
		{9B9D7D98-1D1F-49BB-AEC1-3EAD69B17EEC}.AppStore|iPhoneSimulator.ActiveCfg = Release|Any CPU
		{9B9D7D98-1D1F-49BB-AEC1-3EAD69B17EEC}.AppStore|iPhoneSimulator.Build.0 = Release|Any CPU
		{9B9D7D98-1D1F-49BB-AEC1-3EAD69B17EEC}.Debug|Any CPU.ActiveCfg = Debug|Any CPU
		{9B9D7D98-1D1F-49BB-AEC1-3EAD69B17EEC}.Debug|Any CPU.Build.0 = Debug|Any CPU
		{9B9D7D98-1D1F-49BB-AEC1-3EAD69B17EEC}.Debug|iPhone.ActiveCfg = Debug|Any CPU
		{9B9D7D98-1D1F-49BB-AEC1-3EAD69B17EEC}.Debug|iPhone.Build.0 = Debug|Any CPU
		{9B9D7D98-1D1F-49BB-AEC1-3EAD69B17EEC}.Debug|iPhoneSimulator.ActiveCfg = Debug|Any CPU
		{9B9D7D98-1D1F-49BB-AEC1-3EAD69B17EEC}.Debug|iPhoneSimulator.Build.0 = Debug|Any CPU
		{9B9D7D98-1D1F-49BB-AEC1-3EAD69B17EEC}.Release|Any CPU.ActiveCfg = Release|Any CPU
		{9B9D7D98-1D1F-49BB-AEC1-3EAD69B17EEC}.Release|Any CPU.Build.0 = Release|Any CPU
		{9B9D7D98-1D1F-49BB-AEC1-3EAD69B17EEC}.Release|iPhone.ActiveCfg = Release|Any CPU
		{9B9D7D98-1D1F-49BB-AEC1-3EAD69B17EEC}.Release|iPhone.Build.0 = Release|Any CPU
		{9B9D7D98-1D1F-49BB-AEC1-3EAD69B17EEC}.Release|iPhoneSimulator.ActiveCfg = Release|Any CPU
		{9B9D7D98-1D1F-49BB-AEC1-3EAD69B17EEC}.Release|iPhoneSimulator.Build.0 = Release|Any CPU
		{06208DE5-84BB-407E-9FC5-D399BFAA39E4}.Ad-Hoc|Any CPU.ActiveCfg = Release|Any CPU
		{06208DE5-84BB-407E-9FC5-D399BFAA39E4}.Ad-Hoc|Any CPU.Build.0 = Release|Any CPU
		{06208DE5-84BB-407E-9FC5-D399BFAA39E4}.Ad-Hoc|iPhone.ActiveCfg = Release|Any CPU
		{06208DE5-84BB-407E-9FC5-D399BFAA39E4}.Ad-Hoc|iPhone.Build.0 = Release|Any CPU
		{06208DE5-84BB-407E-9FC5-D399BFAA39E4}.Ad-Hoc|iPhoneSimulator.ActiveCfg = Release|Any CPU
		{06208DE5-84BB-407E-9FC5-D399BFAA39E4}.Ad-Hoc|iPhoneSimulator.Build.0 = Release|Any CPU
		{06208DE5-84BB-407E-9FC5-D399BFAA39E4}.AppStore|Any CPU.ActiveCfg = Release|Any CPU
		{06208DE5-84BB-407E-9FC5-D399BFAA39E4}.AppStore|Any CPU.Build.0 = Release|Any CPU
		{06208DE5-84BB-407E-9FC5-D399BFAA39E4}.AppStore|iPhone.ActiveCfg = Release|Any CPU
		{06208DE5-84BB-407E-9FC5-D399BFAA39E4}.AppStore|iPhone.Build.0 = Release|Any CPU
		{06208DE5-84BB-407E-9FC5-D399BFAA39E4}.AppStore|iPhoneSimulator.ActiveCfg = Release|Any CPU
		{06208DE5-84BB-407E-9FC5-D399BFAA39E4}.AppStore|iPhoneSimulator.Build.0 = Release|Any CPU
		{06208DE5-84BB-407E-9FC5-D399BFAA39E4}.Debug|Any CPU.ActiveCfg = Debug|Any CPU
		{06208DE5-84BB-407E-9FC5-D399BFAA39E4}.Debug|Any CPU.Build.0 = Debug|Any CPU
		{06208DE5-84BB-407E-9FC5-D399BFAA39E4}.Debug|iPhone.ActiveCfg = Debug|Any CPU
		{06208DE5-84BB-407E-9FC5-D399BFAA39E4}.Debug|iPhone.Build.0 = Debug|Any CPU
		{06208DE5-84BB-407E-9FC5-D399BFAA39E4}.Debug|iPhoneSimulator.ActiveCfg = Debug|Any CPU
		{06208DE5-84BB-407E-9FC5-D399BFAA39E4}.Debug|iPhoneSimulator.Build.0 = Debug|Any CPU
		{06208DE5-84BB-407E-9FC5-D399BFAA39E4}.Release|Any CPU.ActiveCfg = Release|Any CPU
		{06208DE5-84BB-407E-9FC5-D399BFAA39E4}.Release|Any CPU.Build.0 = Release|Any CPU
		{06208DE5-84BB-407E-9FC5-D399BFAA39E4}.Release|iPhone.ActiveCfg = Release|Any CPU
		{06208DE5-84BB-407E-9FC5-D399BFAA39E4}.Release|iPhone.Build.0 = Release|Any CPU
		{06208DE5-84BB-407E-9FC5-D399BFAA39E4}.Release|iPhoneSimulator.ActiveCfg = Release|Any CPU
		{06208DE5-84BB-407E-9FC5-D399BFAA39E4}.Release|iPhoneSimulator.Build.0 = Release|Any CPU
		{51585BA8-37BA-4670-97B6-2FC07B7E3087}.Ad-Hoc|Any CPU.ActiveCfg = Release|Any CPU
		{51585BA8-37BA-4670-97B6-2FC07B7E3087}.Ad-Hoc|Any CPU.Build.0 = Release|Any CPU
		{51585BA8-37BA-4670-97B6-2FC07B7E3087}.Ad-Hoc|iPhone.ActiveCfg = Release|Any CPU
		{51585BA8-37BA-4670-97B6-2FC07B7E3087}.Ad-Hoc|iPhone.Build.0 = Release|Any CPU
		{51585BA8-37BA-4670-97B6-2FC07B7E3087}.Ad-Hoc|iPhoneSimulator.ActiveCfg = Release|Any CPU
		{51585BA8-37BA-4670-97B6-2FC07B7E3087}.Ad-Hoc|iPhoneSimulator.Build.0 = Release|Any CPU
		{51585BA8-37BA-4670-97B6-2FC07B7E3087}.AppStore|Any CPU.ActiveCfg = Release|Any CPU
		{51585BA8-37BA-4670-97B6-2FC07B7E3087}.AppStore|Any CPU.Build.0 = Release|Any CPU
		{51585BA8-37BA-4670-97B6-2FC07B7E3087}.AppStore|iPhone.ActiveCfg = Release|Any CPU
		{51585BA8-37BA-4670-97B6-2FC07B7E3087}.AppStore|iPhone.Build.0 = Release|Any CPU
		{51585BA8-37BA-4670-97B6-2FC07B7E3087}.AppStore|iPhoneSimulator.ActiveCfg = Release|Any CPU
		{51585BA8-37BA-4670-97B6-2FC07B7E3087}.AppStore|iPhoneSimulator.Build.0 = Release|Any CPU
		{51585BA8-37BA-4670-97B6-2FC07B7E3087}.Debug|Any CPU.ActiveCfg = Debug|Any CPU
		{51585BA8-37BA-4670-97B6-2FC07B7E3087}.Debug|Any CPU.Build.0 = Debug|Any CPU
		{51585BA8-37BA-4670-97B6-2FC07B7E3087}.Debug|iPhone.ActiveCfg = Debug|Any CPU
		{51585BA8-37BA-4670-97B6-2FC07B7E3087}.Debug|iPhone.Build.0 = Debug|Any CPU
		{51585BA8-37BA-4670-97B6-2FC07B7E3087}.Debug|iPhoneSimulator.ActiveCfg = Debug|Any CPU
		{51585BA8-37BA-4670-97B6-2FC07B7E3087}.Debug|iPhoneSimulator.Build.0 = Debug|Any CPU
		{51585BA8-37BA-4670-97B6-2FC07B7E3087}.Release|Any CPU.ActiveCfg = Release|Any CPU
		{51585BA8-37BA-4670-97B6-2FC07B7E3087}.Release|Any CPU.Build.0 = Release|Any CPU
		{51585BA8-37BA-4670-97B6-2FC07B7E3087}.Release|iPhone.ActiveCfg = Release|Any CPU
		{51585BA8-37BA-4670-97B6-2FC07B7E3087}.Release|iPhone.Build.0 = Release|Any CPU
		{51585BA8-37BA-4670-97B6-2FC07B7E3087}.Release|iPhoneSimulator.ActiveCfg = Release|Any CPU
		{51585BA8-37BA-4670-97B6-2FC07B7E3087}.Release|iPhoneSimulator.Build.0 = Release|Any CPU
		{1C36C116-EFE6-428A-8B93-4E7348A0AFB6}.Ad-Hoc|Any CPU.ActiveCfg = Release|Any CPU
		{1C36C116-EFE6-428A-8B93-4E7348A0AFB6}.Ad-Hoc|Any CPU.Build.0 = Release|Any CPU
		{1C36C116-EFE6-428A-8B93-4E7348A0AFB6}.Ad-Hoc|iPhone.ActiveCfg = Release|Any CPU
		{1C36C116-EFE6-428A-8B93-4E7348A0AFB6}.Ad-Hoc|iPhone.Build.0 = Release|Any CPU
		{1C36C116-EFE6-428A-8B93-4E7348A0AFB6}.Ad-Hoc|iPhoneSimulator.ActiveCfg = Release|Any CPU
		{1C36C116-EFE6-428A-8B93-4E7348A0AFB6}.Ad-Hoc|iPhoneSimulator.Build.0 = Release|Any CPU
		{1C36C116-EFE6-428A-8B93-4E7348A0AFB6}.AppStore|Any CPU.ActiveCfg = Release|Any CPU
		{1C36C116-EFE6-428A-8B93-4E7348A0AFB6}.AppStore|Any CPU.Build.0 = Release|Any CPU
		{1C36C116-EFE6-428A-8B93-4E7348A0AFB6}.AppStore|iPhone.ActiveCfg = Release|Any CPU
		{1C36C116-EFE6-428A-8B93-4E7348A0AFB6}.AppStore|iPhone.Build.0 = Release|Any CPU
		{1C36C116-EFE6-428A-8B93-4E7348A0AFB6}.AppStore|iPhoneSimulator.ActiveCfg = Release|Any CPU
		{1C36C116-EFE6-428A-8B93-4E7348A0AFB6}.AppStore|iPhoneSimulator.Build.0 = Release|Any CPU
		{1C36C116-EFE6-428A-8B93-4E7348A0AFB6}.Debug|Any CPU.ActiveCfg = Debug|Any CPU
		{1C36C116-EFE6-428A-8B93-4E7348A0AFB6}.Debug|Any CPU.Build.0 = Debug|Any CPU
		{1C36C116-EFE6-428A-8B93-4E7348A0AFB6}.Debug|iPhone.ActiveCfg = Debug|Any CPU
		{1C36C116-EFE6-428A-8B93-4E7348A0AFB6}.Debug|iPhone.Build.0 = Debug|Any CPU
		{1C36C116-EFE6-428A-8B93-4E7348A0AFB6}.Debug|iPhoneSimulator.ActiveCfg = Debug|Any CPU
		{1C36C116-EFE6-428A-8B93-4E7348A0AFB6}.Debug|iPhoneSimulator.Build.0 = Debug|Any CPU
		{1C36C116-EFE6-428A-8B93-4E7348A0AFB6}.Release|Any CPU.ActiveCfg = Release|Any CPU
		{1C36C116-EFE6-428A-8B93-4E7348A0AFB6}.Release|Any CPU.Build.0 = Release|Any CPU
		{1C36C116-EFE6-428A-8B93-4E7348A0AFB6}.Release|iPhone.ActiveCfg = Release|Any CPU
		{1C36C116-EFE6-428A-8B93-4E7348A0AFB6}.Release|iPhone.Build.0 = Release|Any CPU
		{1C36C116-EFE6-428A-8B93-4E7348A0AFB6}.Release|iPhoneSimulator.ActiveCfg = Release|Any CPU
		{1C36C116-EFE6-428A-8B93-4E7348A0AFB6}.Release|iPhoneSimulator.Build.0 = Release|Any CPU
		{9EA0A158-91FA-43C3-A673-6369974DD9A7}.Ad-Hoc|Any CPU.ActiveCfg = Release|Any CPU
		{9EA0A158-91FA-43C3-A673-6369974DD9A7}.Ad-Hoc|Any CPU.Build.0 = Release|Any CPU
		{9EA0A158-91FA-43C3-A673-6369974DD9A7}.Ad-Hoc|iPhone.ActiveCfg = Release|Any CPU
		{9EA0A158-91FA-43C3-A673-6369974DD9A7}.Ad-Hoc|iPhone.Build.0 = Release|Any CPU
		{9EA0A158-91FA-43C3-A673-6369974DD9A7}.Ad-Hoc|iPhoneSimulator.ActiveCfg = Release|Any CPU
		{9EA0A158-91FA-43C3-A673-6369974DD9A7}.Ad-Hoc|iPhoneSimulator.Build.0 = Release|Any CPU
		{9EA0A158-91FA-43C3-A673-6369974DD9A7}.AppStore|Any CPU.ActiveCfg = Release|Any CPU
		{9EA0A158-91FA-43C3-A673-6369974DD9A7}.AppStore|Any CPU.Build.0 = Release|Any CPU
		{9EA0A158-91FA-43C3-A673-6369974DD9A7}.AppStore|iPhone.ActiveCfg = Release|Any CPU
		{9EA0A158-91FA-43C3-A673-6369974DD9A7}.AppStore|iPhone.Build.0 = Release|Any CPU
		{9EA0A158-91FA-43C3-A673-6369974DD9A7}.AppStore|iPhoneSimulator.ActiveCfg = Release|Any CPU
		{9EA0A158-91FA-43C3-A673-6369974DD9A7}.AppStore|iPhoneSimulator.Build.0 = Release|Any CPU
		{9EA0A158-91FA-43C3-A673-6369974DD9A7}.Debug|Any CPU.ActiveCfg = Debug|Any CPU
		{9EA0A158-91FA-43C3-A673-6369974DD9A7}.Debug|Any CPU.Build.0 = Debug|Any CPU
		{9EA0A158-91FA-43C3-A673-6369974DD9A7}.Debug|iPhone.ActiveCfg = Debug|Any CPU
		{9EA0A158-91FA-43C3-A673-6369974DD9A7}.Debug|iPhone.Build.0 = Debug|Any CPU
		{9EA0A158-91FA-43C3-A673-6369974DD9A7}.Debug|iPhoneSimulator.ActiveCfg = Debug|Any CPU
		{9EA0A158-91FA-43C3-A673-6369974DD9A7}.Debug|iPhoneSimulator.Build.0 = Debug|Any CPU
		{9EA0A158-91FA-43C3-A673-6369974DD9A7}.Release|Any CPU.ActiveCfg = Release|Any CPU
		{9EA0A158-91FA-43C3-A673-6369974DD9A7}.Release|Any CPU.Build.0 = Release|Any CPU
		{9EA0A158-91FA-43C3-A673-6369974DD9A7}.Release|iPhone.ActiveCfg = Release|Any CPU
		{9EA0A158-91FA-43C3-A673-6369974DD9A7}.Release|iPhone.Build.0 = Release|Any CPU
		{9EA0A158-91FA-43C3-A673-6369974DD9A7}.Release|iPhoneSimulator.ActiveCfg = Release|Any CPU
		{9EA0A158-91FA-43C3-A673-6369974DD9A7}.Release|iPhoneSimulator.Build.0 = Release|Any CPU
		{86BB5C91-07EF-408F-8368-693B32302A2B}.Ad-Hoc|Any CPU.ActiveCfg = Release|Any CPU
		{86BB5C91-07EF-408F-8368-693B32302A2B}.Ad-Hoc|Any CPU.Build.0 = Release|Any CPU
		{86BB5C91-07EF-408F-8368-693B32302A2B}.Ad-Hoc|Any CPU.Deploy.0 = Release|Any CPU
		{86BB5C91-07EF-408F-8368-693B32302A2B}.Ad-Hoc|iPhone.ActiveCfg = Release|Any CPU
		{86BB5C91-07EF-408F-8368-693B32302A2B}.Ad-Hoc|iPhone.Build.0 = Release|Any CPU
		{86BB5C91-07EF-408F-8368-693B32302A2B}.Ad-Hoc|iPhone.Deploy.0 = Release|Any CPU
		{86BB5C91-07EF-408F-8368-693B32302A2B}.Ad-Hoc|iPhoneSimulator.ActiveCfg = Release|Any CPU
		{86BB5C91-07EF-408F-8368-693B32302A2B}.Ad-Hoc|iPhoneSimulator.Build.0 = Release|Any CPU
		{86BB5C91-07EF-408F-8368-693B32302A2B}.Ad-Hoc|iPhoneSimulator.Deploy.0 = Release|Any CPU
		{86BB5C91-07EF-408F-8368-693B32302A2B}.AppStore|Any CPU.ActiveCfg = Release|Any CPU
		{86BB5C91-07EF-408F-8368-693B32302A2B}.AppStore|Any CPU.Build.0 = Release|Any CPU
		{86BB5C91-07EF-408F-8368-693B32302A2B}.AppStore|Any CPU.Deploy.0 = Release|Any CPU
		{86BB5C91-07EF-408F-8368-693B32302A2B}.AppStore|iPhone.ActiveCfg = Release|Any CPU
		{86BB5C91-07EF-408F-8368-693B32302A2B}.AppStore|iPhone.Build.0 = Release|Any CPU
		{86BB5C91-07EF-408F-8368-693B32302A2B}.AppStore|iPhone.Deploy.0 = Release|Any CPU
		{86BB5C91-07EF-408F-8368-693B32302A2B}.AppStore|iPhoneSimulator.ActiveCfg = Release|Any CPU
		{86BB5C91-07EF-408F-8368-693B32302A2B}.AppStore|iPhoneSimulator.Build.0 = Release|Any CPU
		{86BB5C91-07EF-408F-8368-693B32302A2B}.AppStore|iPhoneSimulator.Deploy.0 = Release|Any CPU
		{86BB5C91-07EF-408F-8368-693B32302A2B}.Debug|Any CPU.ActiveCfg = Debug|Any CPU
		{86BB5C91-07EF-408F-8368-693B32302A2B}.Debug|Any CPU.Build.0 = Debug|Any CPU
		{86BB5C91-07EF-408F-8368-693B32302A2B}.Debug|Any CPU.Deploy.0 = Debug|Any CPU
		{86BB5C91-07EF-408F-8368-693B32302A2B}.Debug|iPhone.ActiveCfg = Debug|Any CPU
		{86BB5C91-07EF-408F-8368-693B32302A2B}.Debug|iPhone.Build.0 = Debug|Any CPU
		{86BB5C91-07EF-408F-8368-693B32302A2B}.Debug|iPhone.Deploy.0 = Debug|Any CPU
		{86BB5C91-07EF-408F-8368-693B32302A2B}.Debug|iPhoneSimulator.ActiveCfg = Debug|Any CPU
		{86BB5C91-07EF-408F-8368-693B32302A2B}.Debug|iPhoneSimulator.Build.0 = Debug|Any CPU
		{86BB5C91-07EF-408F-8368-693B32302A2B}.Debug|iPhoneSimulator.Deploy.0 = Debug|Any CPU
		{86BB5C91-07EF-408F-8368-693B32302A2B}.Release|Any CPU.ActiveCfg = Release|Any CPU
		{86BB5C91-07EF-408F-8368-693B32302A2B}.Release|Any CPU.Build.0 = Release|Any CPU
		{86BB5C91-07EF-408F-8368-693B32302A2B}.Release|Any CPU.Deploy.0 = Release|Any CPU
		{86BB5C91-07EF-408F-8368-693B32302A2B}.Release|iPhone.ActiveCfg = Release|Any CPU
		{86BB5C91-07EF-408F-8368-693B32302A2B}.Release|iPhone.Build.0 = Release|Any CPU
		{86BB5C91-07EF-408F-8368-693B32302A2B}.Release|iPhone.Deploy.0 = Release|Any CPU
		{86BB5C91-07EF-408F-8368-693B32302A2B}.Release|iPhoneSimulator.ActiveCfg = Release|Any CPU
		{86BB5C91-07EF-408F-8368-693B32302A2B}.Release|iPhoneSimulator.Build.0 = Release|Any CPU
		{86BB5C91-07EF-408F-8368-693B32302A2B}.Release|iPhoneSimulator.Deploy.0 = Release|Any CPU
		{11082FF3-70A2-4A19-A420-B91158654E56}.Ad-Hoc|Any CPU.ActiveCfg = Release|Any CPU
		{11082FF3-70A2-4A19-A420-B91158654E56}.Ad-Hoc|Any CPU.Build.0 = Release|Any CPU
		{11082FF3-70A2-4A19-A420-B91158654E56}.Ad-Hoc|iPhone.ActiveCfg = Release|Any CPU
		{11082FF3-70A2-4A19-A420-B91158654E56}.Ad-Hoc|iPhone.Build.0 = Release|Any CPU
		{11082FF3-70A2-4A19-A420-B91158654E56}.Ad-Hoc|iPhoneSimulator.ActiveCfg = Release|Any CPU
		{11082FF3-70A2-4A19-A420-B91158654E56}.Ad-Hoc|iPhoneSimulator.Build.0 = Release|Any CPU
		{11082FF3-70A2-4A19-A420-B91158654E56}.AppStore|Any CPU.ActiveCfg = Release|Any CPU
		{11082FF3-70A2-4A19-A420-B91158654E56}.AppStore|Any CPU.Build.0 = Release|Any CPU
		{11082FF3-70A2-4A19-A420-B91158654E56}.AppStore|iPhone.ActiveCfg = Release|Any CPU
		{11082FF3-70A2-4A19-A420-B91158654E56}.AppStore|iPhone.Build.0 = Release|Any CPU
		{11082FF3-70A2-4A19-A420-B91158654E56}.AppStore|iPhoneSimulator.ActiveCfg = Release|Any CPU
		{11082FF3-70A2-4A19-A420-B91158654E56}.AppStore|iPhoneSimulator.Build.0 = Release|Any CPU
		{11082FF3-70A2-4A19-A420-B91158654E56}.Debug|Any CPU.ActiveCfg = Debug|Any CPU
		{11082FF3-70A2-4A19-A420-B91158654E56}.Debug|Any CPU.Build.0 = Debug|Any CPU
		{11082FF3-70A2-4A19-A420-B91158654E56}.Debug|iPhone.ActiveCfg = Debug|Any CPU
		{11082FF3-70A2-4A19-A420-B91158654E56}.Debug|iPhone.Build.0 = Debug|Any CPU
		{11082FF3-70A2-4A19-A420-B91158654E56}.Debug|iPhoneSimulator.ActiveCfg = Debug|Any CPU
		{11082FF3-70A2-4A19-A420-B91158654E56}.Debug|iPhoneSimulator.Build.0 = Debug|Any CPU
		{11082FF3-70A2-4A19-A420-B91158654E56}.Release|Any CPU.ActiveCfg = Release|Any CPU
		{11082FF3-70A2-4A19-A420-B91158654E56}.Release|Any CPU.Build.0 = Release|Any CPU
		{11082FF3-70A2-4A19-A420-B91158654E56}.Release|iPhone.ActiveCfg = Release|Any CPU
		{11082FF3-70A2-4A19-A420-B91158654E56}.Release|iPhone.Build.0 = Release|Any CPU
		{11082FF3-70A2-4A19-A420-B91158654E56}.Release|iPhoneSimulator.ActiveCfg = Release|Any CPU
		{11082FF3-70A2-4A19-A420-B91158654E56}.Release|iPhoneSimulator.Build.0 = Release|Any CPU
		{BF5CDE9C-7FAD-422C-9EF7-C2F667F9ECCD}.Ad-Hoc|Any CPU.ActiveCfg = Release|Any CPU
		{BF5CDE9C-7FAD-422C-9EF7-C2F667F9ECCD}.Ad-Hoc|Any CPU.Build.0 = Release|Any CPU
		{BF5CDE9C-7FAD-422C-9EF7-C2F667F9ECCD}.Ad-Hoc|iPhone.ActiveCfg = Release|Any CPU
		{BF5CDE9C-7FAD-422C-9EF7-C2F667F9ECCD}.Ad-Hoc|iPhone.Build.0 = Release|Any CPU
		{BF5CDE9C-7FAD-422C-9EF7-C2F667F9ECCD}.Ad-Hoc|iPhoneSimulator.ActiveCfg = Release|Any CPU
		{BF5CDE9C-7FAD-422C-9EF7-C2F667F9ECCD}.Ad-Hoc|iPhoneSimulator.Build.0 = Release|Any CPU
		{BF5CDE9C-7FAD-422C-9EF7-C2F667F9ECCD}.AppStore|Any CPU.ActiveCfg = Release|Any CPU
		{BF5CDE9C-7FAD-422C-9EF7-C2F667F9ECCD}.AppStore|Any CPU.Build.0 = Release|Any CPU
		{BF5CDE9C-7FAD-422C-9EF7-C2F667F9ECCD}.AppStore|iPhone.ActiveCfg = Release|Any CPU
		{BF5CDE9C-7FAD-422C-9EF7-C2F667F9ECCD}.AppStore|iPhone.Build.0 = Release|Any CPU
		{BF5CDE9C-7FAD-422C-9EF7-C2F667F9ECCD}.AppStore|iPhoneSimulator.ActiveCfg = Release|Any CPU
		{BF5CDE9C-7FAD-422C-9EF7-C2F667F9ECCD}.AppStore|iPhoneSimulator.Build.0 = Release|Any CPU
		{BF5CDE9C-7FAD-422C-9EF7-C2F667F9ECCD}.Debug|Any CPU.ActiveCfg = Debug|Any CPU
		{BF5CDE9C-7FAD-422C-9EF7-C2F667F9ECCD}.Debug|Any CPU.Build.0 = Debug|Any CPU
		{BF5CDE9C-7FAD-422C-9EF7-C2F667F9ECCD}.Debug|iPhone.ActiveCfg = Debug|Any CPU
		{BF5CDE9C-7FAD-422C-9EF7-C2F667F9ECCD}.Debug|iPhone.Build.0 = Debug|Any CPU
		{BF5CDE9C-7FAD-422C-9EF7-C2F667F9ECCD}.Debug|iPhoneSimulator.ActiveCfg = Debug|Any CPU
		{BF5CDE9C-7FAD-422C-9EF7-C2F667F9ECCD}.Debug|iPhoneSimulator.Build.0 = Debug|Any CPU
		{BF5CDE9C-7FAD-422C-9EF7-C2F667F9ECCD}.Release|Any CPU.ActiveCfg = Release|Any CPU
		{BF5CDE9C-7FAD-422C-9EF7-C2F667F9ECCD}.Release|Any CPU.Build.0 = Release|Any CPU
		{BF5CDE9C-7FAD-422C-9EF7-C2F667F9ECCD}.Release|iPhone.ActiveCfg = Release|Any CPU
		{BF5CDE9C-7FAD-422C-9EF7-C2F667F9ECCD}.Release|iPhone.Build.0 = Release|Any CPU
		{BF5CDE9C-7FAD-422C-9EF7-C2F667F9ECCD}.Release|iPhoneSimulator.ActiveCfg = Release|Any CPU
		{BF5CDE9C-7FAD-422C-9EF7-C2F667F9ECCD}.Release|iPhoneSimulator.Build.0 = Release|Any CPU
		{1C0125B8-A284-4272-8FD2-1898E9B82B23}.Ad-Hoc|Any CPU.ActiveCfg = Release|Any CPU
		{1C0125B8-A284-4272-8FD2-1898E9B82B23}.Ad-Hoc|Any CPU.Build.0 = Release|Any CPU
		{1C0125B8-A284-4272-8FD2-1898E9B82B23}.Ad-Hoc|iPhone.ActiveCfg = Release|Any CPU
		{1C0125B8-A284-4272-8FD2-1898E9B82B23}.Ad-Hoc|iPhone.Build.0 = Release|Any CPU
		{1C0125B8-A284-4272-8FD2-1898E9B82B23}.Ad-Hoc|iPhoneSimulator.ActiveCfg = Release|Any CPU
		{1C0125B8-A284-4272-8FD2-1898E9B82B23}.Ad-Hoc|iPhoneSimulator.Build.0 = Release|Any CPU
		{1C0125B8-A284-4272-8FD2-1898E9B82B23}.AppStore|Any CPU.ActiveCfg = Release|Any CPU
		{1C0125B8-A284-4272-8FD2-1898E9B82B23}.AppStore|Any CPU.Build.0 = Release|Any CPU
		{1C0125B8-A284-4272-8FD2-1898E9B82B23}.AppStore|iPhone.ActiveCfg = Release|Any CPU
		{1C0125B8-A284-4272-8FD2-1898E9B82B23}.AppStore|iPhone.Build.0 = Release|Any CPU
		{1C0125B8-A284-4272-8FD2-1898E9B82B23}.AppStore|iPhoneSimulator.ActiveCfg = Release|Any CPU
		{1C0125B8-A284-4272-8FD2-1898E9B82B23}.AppStore|iPhoneSimulator.Build.0 = Release|Any CPU
		{1C0125B8-A284-4272-8FD2-1898E9B82B23}.Debug|Any CPU.ActiveCfg = Debug|Any CPU
		{1C0125B8-A284-4272-8FD2-1898E9B82B23}.Debug|Any CPU.Build.0 = Debug|Any CPU
		{1C0125B8-A284-4272-8FD2-1898E9B82B23}.Debug|iPhone.ActiveCfg = Debug|Any CPU
		{1C0125B8-A284-4272-8FD2-1898E9B82B23}.Debug|iPhone.Build.0 = Debug|Any CPU
		{1C0125B8-A284-4272-8FD2-1898E9B82B23}.Debug|iPhoneSimulator.ActiveCfg = Debug|Any CPU
		{1C0125B8-A284-4272-8FD2-1898E9B82B23}.Debug|iPhoneSimulator.Build.0 = Debug|Any CPU
		{1C0125B8-A284-4272-8FD2-1898E9B82B23}.Release|Any CPU.ActiveCfg = Release|Any CPU
		{1C0125B8-A284-4272-8FD2-1898E9B82B23}.Release|Any CPU.Build.0 = Release|Any CPU
		{1C0125B8-A284-4272-8FD2-1898E9B82B23}.Release|iPhone.ActiveCfg = Release|Any CPU
		{1C0125B8-A284-4272-8FD2-1898E9B82B23}.Release|iPhone.Build.0 = Release|Any CPU
		{1C0125B8-A284-4272-8FD2-1898E9B82B23}.Release|iPhoneSimulator.ActiveCfg = Release|Any CPU
		{1C0125B8-A284-4272-8FD2-1898E9B82B23}.Release|iPhoneSimulator.Build.0 = Release|Any CPU
		{2170D6B9-F9CF-4062-A34A-6ABDF312A48B}.Ad-Hoc|Any CPU.ActiveCfg = Ad-Hoc|iPhone
		{2170D6B9-F9CF-4062-A34A-6ABDF312A48B}.Ad-Hoc|iPhone.ActiveCfg = Ad-Hoc|iPhone
		{2170D6B9-F9CF-4062-A34A-6ABDF312A48B}.Ad-Hoc|iPhone.Build.0 = Ad-Hoc|iPhone
		{2170D6B9-F9CF-4062-A34A-6ABDF312A48B}.Ad-Hoc|iPhoneSimulator.ActiveCfg = Ad-Hoc|iPhoneSimulator
		{2170D6B9-F9CF-4062-A34A-6ABDF312A48B}.Ad-Hoc|iPhoneSimulator.Build.0 = Ad-Hoc|iPhoneSimulator
		{2170D6B9-F9CF-4062-A34A-6ABDF312A48B}.AppStore|Any CPU.ActiveCfg = AppStore|iPhone
		{2170D6B9-F9CF-4062-A34A-6ABDF312A48B}.AppStore|iPhone.ActiveCfg = AppStore|iPhone
		{2170D6B9-F9CF-4062-A34A-6ABDF312A48B}.AppStore|iPhone.Build.0 = AppStore|iPhone
		{2170D6B9-F9CF-4062-A34A-6ABDF312A48B}.AppStore|iPhoneSimulator.ActiveCfg = AppStore|iPhoneSimulator
		{2170D6B9-F9CF-4062-A34A-6ABDF312A48B}.AppStore|iPhoneSimulator.Build.0 = AppStore|iPhoneSimulator
		{2170D6B9-F9CF-4062-A34A-6ABDF312A48B}.Debug|Any CPU.ActiveCfg = Debug|iPhone
		{2170D6B9-F9CF-4062-A34A-6ABDF312A48B}.Debug|iPhone.ActiveCfg = Debug|iPhone
		{2170D6B9-F9CF-4062-A34A-6ABDF312A48B}.Debug|iPhone.Build.0 = Debug|iPhone
		{2170D6B9-F9CF-4062-A34A-6ABDF312A48B}.Debug|iPhoneSimulator.ActiveCfg = Debug|iPhoneSimulator
		{2170D6B9-F9CF-4062-A34A-6ABDF312A48B}.Debug|iPhoneSimulator.Build.0 = Debug|iPhoneSimulator
		{2170D6B9-F9CF-4062-A34A-6ABDF312A48B}.Release|Any CPU.ActiveCfg = Release|iPhone
		{2170D6B9-F9CF-4062-A34A-6ABDF312A48B}.Release|iPhone.ActiveCfg = Release|iPhone
		{2170D6B9-F9CF-4062-A34A-6ABDF312A48B}.Release|iPhone.Build.0 = Release|iPhone
		{2170D6B9-F9CF-4062-A34A-6ABDF312A48B}.Release|iPhoneSimulator.ActiveCfg = Release|iPhoneSimulator
		{2170D6B9-F9CF-4062-A34A-6ABDF312A48B}.Release|iPhoneSimulator.Build.0 = Release|iPhoneSimulator
	EndGlobalSection
	GlobalSection(SolutionProperties) = preSolution
		HideSolutionNode = FALSE
	EndGlobalSection
	GlobalSection(NestedProjects) = preSolution
		{06208DE5-84BB-407E-9FC5-D399BFAA39E4} = {34D8548A-F1AE-4606-AA33-61E3BDBBE52B}
		{51585BA8-37BA-4670-97B6-2FC07B7E3087} = {34D8548A-F1AE-4606-AA33-61E3BDBBE52B}
		{1C36C116-EFE6-428A-8B93-4E7348A0AFB6} = {34D8548A-F1AE-4606-AA33-61E3BDBBE52B}
		{F83B97CB-8025-400D-9345-1876F68116A8} = {D5C6B068-77B9-4E3A-BE59-E638449378E1}
		{86BB5C91-07EF-408F-8368-693B32302A2B} = {F83B97CB-8025-400D-9345-1876F68116A8}
		{11082FF3-70A2-4A19-A420-B91158654E56} = {34D8548A-F1AE-4606-AA33-61E3BDBBE52B}
		{48BE730A-2EDF-464C-86A0-B58A942E43BA} = {D5C6B068-77B9-4E3A-BE59-E638449378E1}
		{2170D6B9-F9CF-4062-A34A-6ABDF312A48B} = {48BE730A-2EDF-464C-86A0-B58A942E43BA}
	EndGlobalSection
EndGlobal
