
Microsoft Visual Studio Solution File, Format Version 12.00
# Visual Studio 14
VisualStudioVersion = 14.0.23107.0
MinimumVisualStudioVersion = 10.0.40219.1
Project("{FAE04EC0-301F-11D3-BF4B-00C04F79EFBC}") = "ThePreaching", "ThePreaching\ThePreaching.csproj", "{9B9D7D98-1D1F-49BB-AEC1-3EAD69B17EEC}"
EndProject
Project("{FAE04EC0-301F-11D3-BF4B-00C04F79EFBC}") = "Server", "Server\Server.csproj", "{06208DE5-84BB-407E-9FC5-D399BFAA39E4}"
EndProject
Project("{FAE04EC0-301F-11D3-BF4B-00C04F79EFBC}") = "Client", "Client\Client.csproj", "{51585BA8-37BA-4670-97B6-2FC07B7E3087}"
EndProject
Project("{2150E333-8FDC-42A3-9474-1A3956D46DE8}") = "Test", "Test", "{34D8548A-F1AE-4606-AA33-61E3BDBBE52B}"
EndProject
Project("{FAE04EC0-301F-11D3-BF4B-00C04F79EFBC}") = "ClientPlayer", "ClientPlayer\ClientPlayer.csproj", "{1C36C116-EFE6-428A-8B93-4E7348A0AFB6}"
EndProject
Project("{FAE04EC0-301F-11D3-BF4B-00C04F79EFBC}") = "PreachingServer", "PreachingServer\PreachingServer.csproj", "{9EA0A158-91FA-43C3-A673-6369974DD9A7}"
EndProject
Project("{FAE04EC0-301F-11D3-BF4B-00C04F79EFBC}") = "Entitie", "Entitie\Entitie.csproj", "{BF129A15-FB44-470A-B45E-6CAA845C054D}"
EndProject
Project("{2150E333-8FDC-42A3-9474-1A3956D46DE8}") = "MobilApps", "MobilApps", "{D5C6B068-77B9-4E3A-BE59-E638449378E1}"
EndProject
Project("{2150E333-8FDC-42A3-9474-1A3956D46DE8}") = "Android", "Android", "{F83B97CB-8025-400D-9345-1876F68116A8}"
EndProject
Project("{FAE04EC0-301F-11D3-BF4B-00C04F79EFBC}") = "ThePreachingApp", "ThePreachingApp\ThePreachingApp.csproj", "{86BB5C91-07EF-408F-8368-693B32302A2B}"
EndProject
Project("{FAE04EC0-301F-11D3-BF4B-00C04F79EFBC}") = "WebServiceClient", "WebServiceClient\WebServiceClient.csproj", "{11082FF3-70A2-4A19-A420-B91158654E56}"
EndProject
Global
	GlobalSection(SolutionConfigurationPlatforms) = preSolution
		Debug|Any CPU = Debug|Any CPU
		Release|Any CPU = Release|Any CPU
	EndGlobalSection
	GlobalSection(ProjectConfigurationPlatforms) = postSolution
		{9B9D7D98-1D1F-49BB-AEC1-3EAD69B17EEC}.Debug|Any CPU.ActiveCfg = Debug|Any CPU
		{9B9D7D98-1D1F-49BB-AEC1-3EAD69B17EEC}.Debug|Any CPU.Build.0 = Debug|Any CPU
		{9B9D7D98-1D1F-49BB-AEC1-3EAD69B17EEC}.Release|Any CPU.ActiveCfg = Release|Any CPU
		{9B9D7D98-1D1F-49BB-AEC1-3EAD69B17EEC}.Release|Any CPU.Build.0 = Release|Any CPU
		{06208DE5-84BB-407E-9FC5-D399BFAA39E4}.Debug|Any CPU.ActiveCfg = Debug|Any CPU
		{06208DE5-84BB-407E-9FC5-D399BFAA39E4}.Debug|Any CPU.Build.0 = Debug|Any CPU
		{06208DE5-84BB-407E-9FC5-D399BFAA39E4}.Release|Any CPU.ActiveCfg = Release|Any CPU
		{06208DE5-84BB-407E-9FC5-D399BFAA39E4}.Release|Any CPU.Build.0 = Release|Any CPU
		{51585BA8-37BA-4670-97B6-2FC07B7E3087}.Debug|Any CPU.ActiveCfg = Debug|Any CPU
		{51585BA8-37BA-4670-97B6-2FC07B7E3087}.Debug|Any CPU.Build.0 = Debug|Any CPU
		{51585BA8-37BA-4670-97B6-2FC07B7E3087}.Release|Any CPU.ActiveCfg = Release|Any CPU
		{51585BA8-37BA-4670-97B6-2FC07B7E3087}.Release|Any CPU.Build.0 = Release|Any CPU
		{1C36C116-EFE6-428A-8B93-4E7348A0AFB6}.Debug|Any CPU.ActiveCfg = Debug|Any CPU
		{1C36C116-EFE6-428A-8B93-4E7348A0AFB6}.Debug|Any CPU.Build.0 = Debug|Any CPU
		{1C36C116-EFE6-428A-8B93-4E7348A0AFB6}.Release|Any CPU.ActiveCfg = Release|Any CPU
		{1C36C116-EFE6-428A-8B93-4E7348A0AFB6}.Release|Any CPU.Build.0 = Release|Any CPU
		{9EA0A158-91FA-43C3-A673-6369974DD9A7}.Debug|Any CPU.ActiveCfg = Debug|Any CPU
		{9EA0A158-91FA-43C3-A673-6369974DD9A7}.Debug|Any CPU.Build.0 = Debug|Any CPU
		{9EA0A158-91FA-43C3-A673-6369974DD9A7}.Release|Any CPU.ActiveCfg = Release|Any CPU
		{9EA0A158-91FA-43C3-A673-6369974DD9A7}.Release|Any CPU.Build.0 = Release|Any CPU
		{BF129A15-FB44-470A-B45E-6CAA845C054D}.Debug|Any CPU.ActiveCfg = Debug|Any CPU
		{BF129A15-FB44-470A-B45E-6CAA845C054D}.Debug|Any CPU.Build.0 = Debug|Any CPU
		{BF129A15-FB44-470A-B45E-6CAA845C054D}.Release|Any CPU.ActiveCfg = Release|Any CPU
		{BF129A15-FB44-470A-B45E-6CAA845C054D}.Release|Any CPU.Build.0 = Release|Any CPU
		{86BB5C91-07EF-408F-8368-693B32302A2B}.Debug|Any CPU.ActiveCfg = Debug|Any CPU
		{86BB5C91-07EF-408F-8368-693B32302A2B}.Debug|Any CPU.Build.0 = Debug|Any CPU
		{86BB5C91-07EF-408F-8368-693B32302A2B}.Debug|Any CPU.Deploy.0 = Debug|Any CPU
		{86BB5C91-07EF-408F-8368-693B32302A2B}.Release|Any CPU.ActiveCfg = Release|Any CPU
		{86BB5C91-07EF-408F-8368-693B32302A2B}.Release|Any CPU.Build.0 = Release|Any CPU
		{86BB5C91-07EF-408F-8368-693B32302A2B}.Release|Any CPU.Deploy.0 = Release|Any CPU
		{11082FF3-70A2-4A19-A420-B91158654E56}.Debug|Any CPU.ActiveCfg = Debug|Any CPU
		{11082FF3-70A2-4A19-A420-B91158654E56}.Debug|Any CPU.Build.0 = Debug|Any CPU
		{11082FF3-70A2-4A19-A420-B91158654E56}.Release|Any CPU.ActiveCfg = Release|Any CPU
		{11082FF3-70A2-4A19-A420-B91158654E56}.Release|Any CPU.Build.0 = Release|Any CPU
	EndGlobalSection
	GlobalSection(SolutionProperties) = preSolution
		HideSolutionNode = FALSE
	EndGlobalSection
	GlobalSection(NestedProjects) = preSolution
		{06208DE5-84BB-407E-9FC5-D399BFAA39E4} = {34D8548A-F1AE-4606-AA33-61E3BDBBE52B}
		{51585BA8-37BA-4670-97B6-2FC07B7E3087} = {34D8548A-F1AE-4606-AA33-61E3BDBBE52B}
		{1C36C116-EFE6-428A-8B93-4E7348A0AFB6} = {34D8548A-F1AE-4606-AA33-61E3BDBBE52B}
		{F83B97CB-8025-400D-9345-1876F68116A8} = {D5C6B068-77B9-4E3A-BE59-E638449378E1}
		{86BB5C91-07EF-408F-8368-693B32302A2B} = {F83B97CB-8025-400D-9345-1876F68116A8}
		{11082FF3-70A2-4A19-A420-B91158654E56} = {34D8548A-F1AE-4606-AA33-61E3BDBBE52B}
	EndGlobalSection
EndGlobal
